
Microsoft Visual Studio Solution File, Format Version 12.00
Project("{FAE04EC0-301F-11D3-BF4B-00C04F79EFBC}") = "Point.Of.Sale", "Point.Of.Sale\Point.Of.Sale.csproj", "{8A9F4EBF-CC85-4863-A3A3-0593BBA897D4}"
EndProject
Project("{FAE04EC0-301F-11D3-BF4B-00C04F79EFBC}") = "Point.Of.Sale.Category", "Point.Of.Sale.Category\Point.Of.Sale.Category.csproj", "{A43EFD95-3515-4CA0-8255-0EB186639839}"
EndProject
Project("{FAE04EC0-301F-11D3-BF4B-00C04F79EFBC}") = "Point.Of.Sale.Abstraction", "Point.Of.Sale.Abstraction\Point.Of.Sale.Abstraction.csproj", "{1AE8C797-8DD5-41BF-8C71-5DB463095660}"
EndProject
Project("{FAE04EC0-301F-11D3-BF4B-00C04F79EFBC}") = "Point.Of.Sale.Shared", "Point.Of.Sale.Shared\Point.Of.Sale.Shared.csproj", "{380E77EF-1C12-4C42-8CD6-486A1D2BF837}"
EndProject
Project("{FAE04EC0-301F-11D3-BF4B-00C04F79EFBC}") = "Point.Of.Sale.Customer", "Point.Of.Sale.Customer\Point.Of.Sale.Customer.csproj", "{F72FF354-1E95-417C-9913-E5BD29D88401}"
EndProject
Project("{FAE04EC0-301F-11D3-BF4B-00C04F79EFBC}") = "Point.Of.Sale.Inventory", "Point.Of.Sale.Inventory\Point.Of.Sale.Inventory.csproj", "{AF8DD673-BC8E-404A-9AA1-91CA2DEE516B}"
EndProject
Project("{FAE04EC0-301F-11D3-BF4B-00C04F79EFBC}") = "Point.Of.Sale.Person", "Point.Of.Sale.Person\Point.Of.Sale.Person.csproj", "{B47E439B-F706-4C0A-97AC-792759B1529C}"
EndProject
Project("{FAE04EC0-301F-11D3-BF4B-00C04F79EFBC}") = "Point.Of.Sale.Product", "Point.Of.Sale.Product\Point.Of.Sale.Product.csproj", "{A43C3F9C-226D-4E38-B2BB-66685DEC3185}"
EndProject
Project("{FAE04EC0-301F-11D3-BF4B-00C04F79EFBC}") = "Point.Of.Sale.Sales", "Point.Of.Sale.Sales\Point.Of.Sale.Sales.csproj", "{B71BFB05-51F0-4D9E-927B-AAB8FC47BF13}"
EndProject
Project("{FAE04EC0-301F-11D3-BF4B-00C04F79EFBC}") = "Point.Of.Sale.Shopping.Cart", "Point.Of.Sale.Shopping.Cart\Point.Of.Sale.Shopping.Cart.csproj", "{7F1F060F-8B22-4553-9FD3-388BCF556ABB}"
EndProject
Project("{FAE04EC0-301F-11D3-BF4B-00C04F79EFBC}") = "Point.Of.Sale.Supplier", "Point.Of.Sale.Supplier\Point.Of.Sale.Supplier.csproj", "{57422EDC-AAD1-4641-9424-B758FA7E5964}"
EndProject
Project("{FAE04EC0-301F-11D3-BF4B-00C04F79EFBC}") = "Point.Of.Sale.Tenant", "Point.Of.Sale.Tenant\Point.Of.Sale.Tenant.csproj", "{D528DA0D-D608-4839-931C-86A118578095}"
EndProject
Project("{FAE04EC0-301F-11D3-BF4B-00C04F79EFBC}") = "Point.Of.Sale.Persistence", "Point.Of.Sale.Persistence\Point.Of.Sale.Persistence.csproj", "{374560B3-1624-4A5A-A5A4-DBA4F44914D8}"
EndProject
Project("{2150E333-8FDC-42A3-9474-1A3956D46DE8}") = "Infrastructure", "Infrastructure", "{DD6335C4-6384-43CD-B516-D1F59786FE8B}"
EndProject
Project("{2150E333-8FDC-42A3-9474-1A3956D46DE8}") = "ServiceDomains", "ServiceDomains", "{094B1A2C-1E96-4D1E-A3A4-982377D90E35}"
EndProject
Project("{FAE04EC0-301F-11D3-BF4B-00C04F79EFBC}") = "Point.Of.Sale.Auth", "Point.Of.Sale.Auth\Point.Of.Sale.Auth.csproj", "{6D711C7D-2304-4AC4-A77D-065D06915B31}"
EndProject
Project("{FAE04EC0-301F-11D3-BF4B-00C04F79EFBC}") = "Point.Of.Sale.Events", "Point.Of.Sale.Events\Point.Of.Sale.Events.csproj", "{F145FE47-653A-40ED-B967-FFD3F0517137}"
EndProject
Project("{FAE04EC0-301F-11D3-BF4B-00C04F79EFBC}") = "Point.Of.Sale.Email", "Point.Of.Sale.Email\Point.Of.Sale.Email.csproj", "{899766F8-2981-4268-8EB5-15709AA661E4}"
EndProject
Project("{FAE04EC0-301F-11D3-BF4B-00C04F79EFBC}") = "Point.Of.Sale.Retries", "Point.Of.Sale.Retries\Point.Of.Sale.Retries.csproj", "{06892E5B-A775-4AE0-88DF-680AC6387745}"
EndProject
Project("{FAE04EC0-301F-11D3-BF4B-00C04F79EFBC}") = "Point.Of.Sale.Tenant.Test", "Point.Of.Sale.Tenant.Test\Point.Of.Sale.Tenant.Test.csproj", "{6F241CC5-9927-4AF7-A301-BD1A87FDDF94}"
EndProject
Global
	GlobalSection(SolutionConfigurationPlatforms) = preSolution
		Debug|Any CPU = Debug|Any CPU
		Release|Any CPU = Release|Any CPU
	EndGlobalSection
	GlobalSection(ProjectConfigurationPlatforms) = postSolution
		{8A9F4EBF-CC85-4863-A3A3-0593BBA897D4}.Debug|Any CPU.ActiveCfg = Debug|Any CPU
		{8A9F4EBF-CC85-4863-A3A3-0593BBA897D4}.Debug|Any CPU.Build.0 = Debug|Any CPU
		{8A9F4EBF-CC85-4863-A3A3-0593BBA897D4}.Release|Any CPU.ActiveCfg = Release|Any CPU
		{8A9F4EBF-CC85-4863-A3A3-0593BBA897D4}.Release|Any CPU.Build.0 = Release|Any CPU
		{A43EFD95-3515-4CA0-8255-0EB186639839}.Debug|Any CPU.ActiveCfg = Debug|Any CPU
		{A43EFD95-3515-4CA0-8255-0EB186639839}.Debug|Any CPU.Build.0 = Debug|Any CPU
		{A43EFD95-3515-4CA0-8255-0EB186639839}.Release|Any CPU.ActiveCfg = Release|Any CPU
		{A43EFD95-3515-4CA0-8255-0EB186639839}.Release|Any CPU.Build.0 = Release|Any CPU
		{1AE8C797-8DD5-41BF-8C71-5DB463095660}.Debug|Any CPU.ActiveCfg = Debug|Any CPU
		{1AE8C797-8DD5-41BF-8C71-5DB463095660}.Debug|Any CPU.Build.0 = Debug|Any CPU
		{1AE8C797-8DD5-41BF-8C71-5DB463095660}.Release|Any CPU.ActiveCfg = Release|Any CPU
		{1AE8C797-8DD5-41BF-8C71-5DB463095660}.Release|Any CPU.Build.0 = Release|Any CPU
		{380E77EF-1C12-4C42-8CD6-486A1D2BF837}.Debug|Any CPU.ActiveCfg = Debug|Any CPU
		{380E77EF-1C12-4C42-8CD6-486A1D2BF837}.Debug|Any CPU.Build.0 = Debug|Any CPU
		{380E77EF-1C12-4C42-8CD6-486A1D2BF837}.Release|Any CPU.ActiveCfg = Release|Any CPU
		{380E77EF-1C12-4C42-8CD6-486A1D2BF837}.Release|Any CPU.Build.0 = Release|Any CPU
		{F72FF354-1E95-417C-9913-E5BD29D88401}.Debug|Any CPU.ActiveCfg = Debug|Any CPU
		{F72FF354-1E95-417C-9913-E5BD29D88401}.Debug|Any CPU.Build.0 = Debug|Any CPU
		{F72FF354-1E95-417C-9913-E5BD29D88401}.Release|Any CPU.ActiveCfg = Release|Any CPU
		{F72FF354-1E95-417C-9913-E5BD29D88401}.Release|Any CPU.Build.0 = Release|Any CPU
		{AF8DD673-BC8E-404A-9AA1-91CA2DEE516B}.Debug|Any CPU.ActiveCfg = Debug|Any CPU
		{AF8DD673-BC8E-404A-9AA1-91CA2DEE516B}.Debug|Any CPU.Build.0 = Debug|Any CPU
		{AF8DD673-BC8E-404A-9AA1-91CA2DEE516B}.Release|Any CPU.ActiveCfg = Release|Any CPU
		{AF8DD673-BC8E-404A-9AA1-91CA2DEE516B}.Release|Any CPU.Build.0 = Release|Any CPU
		{B47E439B-F706-4C0A-97AC-792759B1529C}.Debug|Any CPU.ActiveCfg = Debug|Any CPU
		{B47E439B-F706-4C0A-97AC-792759B1529C}.Debug|Any CPU.Build.0 = Debug|Any CPU
		{B47E439B-F706-4C0A-97AC-792759B1529C}.Release|Any CPU.ActiveCfg = Release|Any CPU
		{B47E439B-F706-4C0A-97AC-792759B1529C}.Release|Any CPU.Build.0 = Release|Any CPU
		{A43C3F9C-226D-4E38-B2BB-66685DEC3185}.Debug|Any CPU.ActiveCfg = Debug|Any CPU
		{A43C3F9C-226D-4E38-B2BB-66685DEC3185}.Debug|Any CPU.Build.0 = Debug|Any CPU
		{A43C3F9C-226D-4E38-B2BB-66685DEC3185}.Release|Any CPU.ActiveCfg = Release|Any CPU
		{A43C3F9C-226D-4E38-B2BB-66685DEC3185}.Release|Any CPU.Build.0 = Release|Any CPU
		{B71BFB05-51F0-4D9E-927B-AAB8FC47BF13}.Debug|Any CPU.ActiveCfg = Debug|Any CPU
		{B71BFB05-51F0-4D9E-927B-AAB8FC47BF13}.Debug|Any CPU.Build.0 = Debug|Any CPU
		{B71BFB05-51F0-4D9E-927B-AAB8FC47BF13}.Release|Any CPU.ActiveCfg = Release|Any CPU
		{B71BFB05-51F0-4D9E-927B-AAB8FC47BF13}.Release|Any CPU.Build.0 = Release|Any CPU
		{7F1F060F-8B22-4553-9FD3-388BCF556ABB}.Debug|Any CPU.ActiveCfg = Debug|Any CPU
		{7F1F060F-8B22-4553-9FD3-388BCF556ABB}.Debug|Any CPU.Build.0 = Debug|Any CPU
		{7F1F060F-8B22-4553-9FD3-388BCF556ABB}.Release|Any CPU.ActiveCfg = Release|Any CPU
		{7F1F060F-8B22-4553-9FD3-388BCF556ABB}.Release|Any CPU.Build.0 = Release|Any CPU
		{57422EDC-AAD1-4641-9424-B758FA7E5964}.Debug|Any CPU.ActiveCfg = Debug|Any CPU
		{57422EDC-AAD1-4641-9424-B758FA7E5964}.Debug|Any CPU.Build.0 = Debug|Any CPU
		{57422EDC-AAD1-4641-9424-B758FA7E5964}.Release|Any CPU.ActiveCfg = Release|Any CPU
		{57422EDC-AAD1-4641-9424-B758FA7E5964}.Release|Any CPU.Build.0 = Release|Any CPU
		{D528DA0D-D608-4839-931C-86A118578095}.Debug|Any CPU.ActiveCfg = Debug|Any CPU
		{D528DA0D-D608-4839-931C-86A118578095}.Debug|Any CPU.Build.0 = Debug|Any CPU
		{D528DA0D-D608-4839-931C-86A118578095}.Release|Any CPU.ActiveCfg = Release|Any CPU
		{D528DA0D-D608-4839-931C-86A118578095}.Release|Any CPU.Build.0 = Release|Any CPU
		{374560B3-1624-4A5A-A5A4-DBA4F44914D8}.Debug|Any CPU.ActiveCfg = Debug|Any CPU
		{374560B3-1624-4A5A-A5A4-DBA4F44914D8}.Debug|Any CPU.Build.0 = Debug|Any CPU
		{374560B3-1624-4A5A-A5A4-DBA4F44914D8}.Release|Any CPU.ActiveCfg = Release|Any CPU
		{374560B3-1624-4A5A-A5A4-DBA4F44914D8}.Release|Any CPU.Build.0 = Release|Any CPU
		{6D711C7D-2304-4AC4-A77D-065D06915B31}.Debug|Any CPU.ActiveCfg = Debug|Any CPU
		{6D711C7D-2304-4AC4-A77D-065D06915B31}.Debug|Any CPU.Build.0 = Debug|Any CPU
		{6D711C7D-2304-4AC4-A77D-065D06915B31}.Release|Any CPU.ActiveCfg = Release|Any CPU
		{6D711C7D-2304-4AC4-A77D-065D06915B31}.Release|Any CPU.Build.0 = Release|Any CPU
		{F145FE47-653A-40ED-B967-FFD3F0517137}.Debug|Any CPU.ActiveCfg = Debug|Any CPU
		{F145FE47-653A-40ED-B967-FFD3F0517137}.Debug|Any CPU.Build.0 = Debug|Any CPU
		{F145FE47-653A-40ED-B967-FFD3F0517137}.Release|Any CPU.ActiveCfg = Release|Any CPU
		{F145FE47-653A-40ED-B967-FFD3F0517137}.Release|Any CPU.Build.0 = Release|Any CPU
		{899766F8-2981-4268-8EB5-15709AA661E4}.Debug|Any CPU.ActiveCfg = Debug|Any CPU
		{899766F8-2981-4268-8EB5-15709AA661E4}.Debug|Any CPU.Build.0 = Debug|Any CPU
		{899766F8-2981-4268-8EB5-15709AA661E4}.Release|Any CPU.ActiveCfg = Release|Any CPU
		{899766F8-2981-4268-8EB5-15709AA661E4}.Release|Any CPU.Build.0 = Release|Any CPU
		{06892E5B-A775-4AE0-88DF-680AC6387745}.Debug|Any CPU.ActiveCfg = Debug|Any CPU
		{06892E5B-A775-4AE0-88DF-680AC6387745}.Debug|Any CPU.Build.0 = Debug|Any CPU
		{06892E5B-A775-4AE0-88DF-680AC6387745}.Release|Any CPU.ActiveCfg = Release|Any CPU
		{06892E5B-A775-4AE0-88DF-680AC6387745}.Release|Any CPU.Build.0 = Release|Any CPU
		{6F241CC5-9927-4AF7-A301-BD1A87FDDF94}.Debug|Any CPU.ActiveCfg = Debug|Any CPU
		{6F241CC5-9927-4AF7-A301-BD1A87FDDF94}.Debug|Any CPU.Build.0 = Debug|Any CPU
		{6F241CC5-9927-4AF7-A301-BD1A87FDDF94}.Release|Any CPU.ActiveCfg = Release|Any CPU
		{6F241CC5-9927-4AF7-A301-BD1A87FDDF94}.Release|Any CPU.Build.0 = Release|Any CPU
	EndGlobalSection
	GlobalSection(NestedProjects) = preSolution
		{1AE8C797-8DD5-41BF-8C71-5DB463095660} = {DD6335C4-6384-43CD-B516-D1F59786FE8B}
		{380E77EF-1C12-4C42-8CD6-486A1D2BF837} = {DD6335C4-6384-43CD-B516-D1F59786FE8B}
		{374560B3-1624-4A5A-A5A4-DBA4F44914D8} = {DD6335C4-6384-43CD-B516-D1F59786FE8B}
		{A43EFD95-3515-4CA0-8255-0EB186639839} = {094B1A2C-1E96-4D1E-A3A4-982377D90E35}
		{F72FF354-1E95-417C-9913-E5BD29D88401} = {094B1A2C-1E96-4D1E-A3A4-982377D90E35}
		{AF8DD673-BC8E-404A-9AA1-91CA2DEE516B} = {094B1A2C-1E96-4D1E-A3A4-982377D90E35}
		{B47E439B-F706-4C0A-97AC-792759B1529C} = {094B1A2C-1E96-4D1E-A3A4-982377D90E35}
		{A43C3F9C-226D-4E38-B2BB-66685DEC3185} = {094B1A2C-1E96-4D1E-A3A4-982377D90E35}
		{B71BFB05-51F0-4D9E-927B-AAB8FC47BF13} = {094B1A2C-1E96-4D1E-A3A4-982377D90E35}
		{7F1F060F-8B22-4553-9FD3-388BCF556ABB} = {094B1A2C-1E96-4D1E-A3A4-982377D90E35}
		{57422EDC-AAD1-4641-9424-B758FA7E5964} = {094B1A2C-1E96-4D1E-A3A4-982377D90E35}
		{D528DA0D-D608-4839-931C-86A118578095} = {094B1A2C-1E96-4D1E-A3A4-982377D90E35}
		{6D711C7D-2304-4AC4-A77D-065D06915B31} = {094B1A2C-1E96-4D1E-A3A4-982377D90E35}
		{F145FE47-653A-40ED-B967-FFD3F0517137} = {DD6335C4-6384-43CD-B516-D1F59786FE8B}
		{899766F8-2981-4268-8EB5-15709AA661E4} = {DD6335C4-6384-43CD-B516-D1F59786FE8B}
		{06892E5B-A775-4AE0-88DF-680AC6387745} = {DD6335C4-6384-43CD-B516-D1F59786FE8B}
		{6F241CC5-9927-4AF7-A301-BD1A87FDDF94} = {094B1A2C-1E96-4D1E-A3A4-982377D90E35}
	EndGlobalSection
EndGlobal
